
Microsoft Visual Studio Solution File, Format Version 11.00
# Visual Studio 2010
Project("{FAE04EC0-301F-11D3-BF4B-00C04F79EFBC}") = "Socket_Server", "Socket_Server\Socket_Server.csproj", "{872F593D-A2BB-4674-A5B6-460FDCF6ED2C}"
EndProject
Global
	GlobalSection(SolutionConfigurationPlatforms) = preSolution
		Debug|x86 = Debug|x86
		Release|x86 = Release|x86
	EndGlobalSection
	GlobalSection(ProjectConfigurationPlatforms) = postSolution
		{872F593D-A2BB-4674-A5B6-460FDCF6ED2C}.Debug|x86.ActiveCfg = Debug|x86
		{872F593D-A2BB-4674-A5B6-460FDCF6ED2C}.Debug|x86.Build.0 = Debug|x86
		{872F593D-A2BB-4674-A5B6-460FDCF6ED2C}.Release|x86.ActiveCfg = Release|x86
		{872F593D-A2BB-4674-A5B6-460FDCF6ED2C}.Release|x86.Build.0 = Release|x86
	EndGlobalSection
	GlobalSection(SolutionProperties) = preSolution
		HideSolutionNode = FALSE
	EndGlobalSection
EndGlobal
